<?xml version="1.0" encoding="UTF-8" standalone="yes" ?>
<CodeBlocks_project_file>
	<FileVersion major="1" minor="6" />
	<Project>
		<Option title="Tanks" />
		<Option pch_mode="2" />
		<Option compiler="gcc" />
		<Build>
			<Target title="Debug">
				<Option output="bin/Debug/Tanks" prefix_auto="1" extension_auto="1" />
				<Option object_output="obj/Debug/" />
				<Option type="0" />
				<Option compiler="gcc" />
				<Compiler>
					<Add option="-g" />
				</Compiler>
			</Target>
			<Target title="Release">
				<Option output="bin/Release/Tanks" prefix_auto="1" extension_auto="1" />
				<Option object_output="obj/Release/" />
				<Option type="0" />
				<Option compiler="gcc" />
				<Compiler>
					<Add option="-O2" />
				</Compiler>
				<Linker>
					<Add option="-s" />
				</Linker>
			</Target>
		</Build>
		<Compiler>
			<Add option="-Wall" />
			<Add option="-fexceptions" />
		</Compiler>
		<Linker>
			<Add library="bin/Debug/libfreetype-6.dll" />
			<Add library="bin/Debug/libjpeg-9.dll" />
			<Add library="bin/Debug/libpng16-16.dll" />
			<Add library="bin/Debug/libtiff-5.dll" />
			<Add library="bin/Debug/libwebp-7.dll" />
			<Add library="bin/Debug/libwinpthread-1.dll" />
			<Add library="bin/Debug/SDL2.dll" />
			<Add library="bin/Debug/SDL2_image.dll" />
			<Add library="bin/Debug/SDL2_ttf.dll" />
			<Add library="bin/Debug/zlib1.dll" />
		</Linker>
		<Unit filename="decl.h" />
		<Unit filename="enemy.h" />
		<Unit filename="enemy_d.h" />
		<Unit filename="fighter.h" />
		<Unit filename="fighter_d.h" />
		<Unit filename="fighters.h" />
		<Unit filename="fighters_d.h" />
		<Unit filename="interval.h" />
		<Unit filename="main.cpp" />
		<Unit filename="missile.h" />
		<Unit filename="missile_d.h" />
		<Unit filename="player.h" />
		<Unit filename="player_d.h" />
		<Unit filename="shooter.h" />
		<Unit filename="shooter_d.h" />
		<Extensions>
			<lib_finder disable_auto="1" />
		</Extensions>
	</Project>
</CodeBlocks_project_file>
